
Microsoft Visual Studio Solution File, Format Version 12.00
# Visual Studio Version 16
VisualStudioVersion = 16.0.31911.196
MinimumVisualStudioVersion = 10.0.40219.1
Project("{9A19103F-16F7-4668-BE54-9A1E7A4F7556}") = "WEBAPI", "WEBAPI.csproj", "{FA5C4A1B-F16B-4097-9666-89E95A48BD42}"
EndProject
Project("{FAE04EC0-301F-11D3-BF4B-00C04F79EFBC}") = "DLL", "..\DLL\DLL.csproj", "{2EC2F8A9-CC90-48B7-B73A-1F1CB0704218}"
EndProject
Project("{FAE04EC0-301F-11D3-BF4B-00C04F79EFBC}") = "BLL", "..\BLL\BLL.csproj", "{F207AB57-BE28-4C04-9FF7-EBDA7550B7C2}"
EndProject
Global
	GlobalSection(SolutionConfigurationPlatforms) = preSolution
		Debug|Any CPU = Debug|Any CPU
		Release|Any CPU = Release|Any CPU
	EndGlobalSection
	GlobalSection(ProjectConfigurationPlatforms) = postSolution
		{FA5C4A1B-F16B-4097-9666-89E95A48BD42}.Debug|Any CPU.ActiveCfg = Debug|Any CPU
		{FA5C4A1B-F16B-4097-9666-89E95A48BD42}.Debug|Any CPU.Build.0 = Debug|Any CPU
		{FA5C4A1B-F16B-4097-9666-89E95A48BD42}.Release|Any CPU.ActiveCfg = Release|Any CPU
		{FA5C4A1B-F16B-4097-9666-89E95A48BD42}.Release|Any CPU.Build.0 = Release|Any CPU
		{2EC2F8A9-CC90-48B7-B73A-1F1CB0704218}.Debug|Any CPU.ActiveCfg = Debug|Any CPU
		{2EC2F8A9-CC90-48B7-B73A-1F1CB0704218}.Debug|Any CPU.Build.0 = Debug|Any CPU
		{2EC2F8A9-CC90-48B7-B73A-1F1CB0704218}.Release|Any CPU.ActiveCfg = Release|Any CPU
		{2EC2F8A9-CC90-48B7-B73A-1F1CB0704218}.Release|Any CPU.Build.0 = Release|Any CPU
		{F207AB57-BE28-4C04-9FF7-EBDA7550B7C2}.Debug|Any CPU.ActiveCfg = Debug|Any CPU
		{F207AB57-BE28-4C04-9FF7-EBDA7550B7C2}.Debug|Any CPU.Build.0 = Debug|Any CPU
		{F207AB57-BE28-4C04-9FF7-EBDA7550B7C2}.Release|Any CPU.ActiveCfg = Release|Any CPU
		{F207AB57-BE28-4C04-9FF7-EBDA7550B7C2}.Release|Any CPU.Build.0 = Release|Any CPU
	EndGlobalSection
	GlobalSection(SolutionProperties) = preSolution
		HideSolutionNode = FALSE
	EndGlobalSection
	GlobalSection(ExtensibilityGlobals) = postSolution
		SolutionGuid = {6F418280-E2ED-435E-B8E4-9230263B1B71}
	EndGlobalSection
EndGlobal
